
Microsoft Visual Studio Solution File, Format Version 12.00
Project("{2150E333-8FDC-42A3-9474-1A3956D46DE8}") = "1-API", "1-API", "{25C935B8-FB41-4E21-AD3A-970BD0DE2675}"
EndProject
Project("{2150E333-8FDC-42A3-9474-1A3956D46DE8}") = "3-Core", "3-Core", "{7722EFEF-6C32-411B-BCCB-4CEC7666819D}"
EndProject
Project("{2150E333-8FDC-42A3-9474-1A3956D46DE8}") = "4-Tests", "4-Tests", "{A7F9E1A7-19EC-41F5-9D9B-C2175B64BEB2}"
EndProject
Project("{FAE04EC0-301F-11D3-BF4B-00C04F79EFBC}") = "Api.Test.API", "src\Api.Test.API\Api.Test.API.csproj", "{904DCB27-20B2-4698-8BB5-41071F938BBA}"
EndProject
Project("{FAE04EC0-301F-11D3-BF4B-00C04F79EFBC}") = "Api.Test.UnitTests", "tests\Api.Test.UnitTests\Api.Test.UnitTests.csproj", "{439C54BB-CE2A-4C4C-91C1-0ED6A963C600}"
EndProject
Project("{FAE04EC0-301F-11D3-BF4B-00C04F79EFBC}") = "Api.Test.Infrastructure", "src\Api.Test.Infrastructure\Api.Test.Infrastructure.csproj", "{5D17F723-BB42-40EC-957C-894C0A0279A1}"
EndProject
Project("{FAE04EC0-301F-11D3-BF4B-00C04F79EFBC}") = "Api.Test.Domain", "src\Api.Test.Domain\Api.Test.Domain.csproj", "{9226E262-AD94-41DC-AC1A-6A8507E3DB12}"
EndProject
Project("{2150E333-8FDC-42A3-9474-1A3956D46DE8}") = "2-Partner-specific", "2-Partner-specific", "{4B651FB2-8F6E-43CD-AD5F-5444265F0F69}"
EndProject
Project("{FAE04EC0-301F-11D3-BF4B-00C04F79EFBC}") = "Api.Test.CompanyA", "src\Api.Test.CompanyA\Api.Test.CompanyA.csproj", "{BEF66FF4-224E-4056-B4D7-C92250530B02}"
EndProject
Project("{FAE04EC0-301F-11D3-BF4B-00C04F79EFBC}") = "Api.Test.CompanyB", "src\Api.Test.CompanyB\Api.Test.CompanyB.csproj", "{2DFA367C-F484-4BA0-9D01-D5D75DCF4AD9}"
EndProject
Project("{FAE04EC0-301F-11D3-BF4B-00C04F79EFBC}") = "Api.Test.Domain.Validators", "src\Api.Test.Domain.Validators\Api.Test.Domain.Validators.csproj", "{6503E481-FF6F-4D5B-8009-953248A31C52}"
EndProject
Project("{FAE04EC0-301F-11D3-BF4B-00C04F79EFBC}") = "Api.Test.Partner", "src\Api.Test.Partner\Api.Test.Partner.csproj", "{97C84B8A-6705-490C-890B-10AAC731A9FF}"
EndProject
Project("{FAE04EC0-301F-11D3-BF4B-00C04F79EFBC}") = "Api.Test.Partner.Interfaces", "src\Api.Test.Partner.Interfaces\Api.Test.Partner.Interfaces.csproj", "{A61073B5-ED27-40E1-9A6C-5DEC830CE333}"
EndProject
Global
	GlobalSection(SolutionConfigurationPlatforms) = preSolution
		Debug|Any CPU = Debug|Any CPU
		Release|Any CPU = Release|Any CPU
	EndGlobalSection
	GlobalSection(NestedProjects) = preSolution
		{904DCB27-20B2-4698-8BB5-41071F938BBA} = {25C935B8-FB41-4E21-AD3A-970BD0DE2675}
		{439C54BB-CE2A-4C4C-91C1-0ED6A963C600} = {A7F9E1A7-19EC-41F5-9D9B-C2175B64BEB2}
		{5D17F723-BB42-40EC-957C-894C0A0279A1} = {7722EFEF-6C32-411B-BCCB-4CEC7666819D}
		{9226E262-AD94-41DC-AC1A-6A8507E3DB12} = {7722EFEF-6C32-411B-BCCB-4CEC7666819D}
		{BEF66FF4-224E-4056-B4D7-C92250530B02} = {4B651FB2-8F6E-43CD-AD5F-5444265F0F69}
		{2DFA367C-F484-4BA0-9D01-D5D75DCF4AD9} = {4B651FB2-8F6E-43CD-AD5F-5444265F0F69}
		{6503E481-FF6F-4D5B-8009-953248A31C52} = {7722EFEF-6C32-411B-BCCB-4CEC7666819D}
		{97C84B8A-6705-490C-890B-10AAC731A9FF} = {7722EFEF-6C32-411B-BCCB-4CEC7666819D}
		{A61073B5-ED27-40E1-9A6C-5DEC830CE333} = {7722EFEF-6C32-411B-BCCB-4CEC7666819D}
	EndGlobalSection
	GlobalSection(ProjectConfigurationPlatforms) = postSolution
		{904DCB27-20B2-4698-8BB5-41071F938BBA}.Debug|Any CPU.ActiveCfg = Debug|Any CPU
		{904DCB27-20B2-4698-8BB5-41071F938BBA}.Debug|Any CPU.Build.0 = Debug|Any CPU
		{904DCB27-20B2-4698-8BB5-41071F938BBA}.Release|Any CPU.ActiveCfg = Release|Any CPU
		{904DCB27-20B2-4698-8BB5-41071F938BBA}.Release|Any CPU.Build.0 = Release|Any CPU
		{439C54BB-CE2A-4C4C-91C1-0ED6A963C600}.Debug|Any CPU.ActiveCfg = Debug|Any CPU
		{439C54BB-CE2A-4C4C-91C1-0ED6A963C600}.Debug|Any CPU.Build.0 = Debug|Any CPU
		{439C54BB-CE2A-4C4C-91C1-0ED6A963C600}.Release|Any CPU.ActiveCfg = Release|Any CPU
		{439C54BB-CE2A-4C4C-91C1-0ED6A963C600}.Release|Any CPU.Build.0 = Release|Any CPU
		{5D17F723-BB42-40EC-957C-894C0A0279A1}.Debug|Any CPU.ActiveCfg = Debug|Any CPU
		{5D17F723-BB42-40EC-957C-894C0A0279A1}.Debug|Any CPU.Build.0 = Debug|Any CPU
		{5D17F723-BB42-40EC-957C-894C0A0279A1}.Release|Any CPU.ActiveCfg = Release|Any CPU
		{5D17F723-BB42-40EC-957C-894C0A0279A1}.Release|Any CPU.Build.0 = Release|Any CPU
		{9226E262-AD94-41DC-AC1A-6A8507E3DB12}.Debug|Any CPU.ActiveCfg = Debug|Any CPU
		{9226E262-AD94-41DC-AC1A-6A8507E3DB12}.Debug|Any CPU.Build.0 = Debug|Any CPU
		{9226E262-AD94-41DC-AC1A-6A8507E3DB12}.Release|Any CPU.ActiveCfg = Release|Any CPU
		{9226E262-AD94-41DC-AC1A-6A8507E3DB12}.Release|Any CPU.Build.0 = Release|Any CPU
		{BEF66FF4-224E-4056-B4D7-C92250530B02}.Debug|Any CPU.ActiveCfg = Debug|Any CPU
		{BEF66FF4-224E-4056-B4D7-C92250530B02}.Debug|Any CPU.Build.0 = Debug|Any CPU
		{BEF66FF4-224E-4056-B4D7-C92250530B02}.Release|Any CPU.ActiveCfg = Release|Any CPU
		{BEF66FF4-224E-4056-B4D7-C92250530B02}.Release|Any CPU.Build.0 = Release|Any CPU
		{2DFA367C-F484-4BA0-9D01-D5D75DCF4AD9}.Debug|Any CPU.ActiveCfg = Debug|Any CPU
		{2DFA367C-F484-4BA0-9D01-D5D75DCF4AD9}.Debug|Any CPU.Build.0 = Debug|Any CPU
		{2DFA367C-F484-4BA0-9D01-D5D75DCF4AD9}.Release|Any CPU.ActiveCfg = Release|Any CPU
		{2DFA367C-F484-4BA0-9D01-D5D75DCF4AD9}.Release|Any CPU.Build.0 = Release|Any CPU
		{6503E481-FF6F-4D5B-8009-953248A31C52}.Debug|Any CPU.ActiveCfg = Debug|Any CPU
		{6503E481-FF6F-4D5B-8009-953248A31C52}.Debug|Any CPU.Build.0 = Debug|Any CPU
		{6503E481-FF6F-4D5B-8009-953248A31C52}.Release|Any CPU.ActiveCfg = Release|Any CPU
		{6503E481-FF6F-4D5B-8009-953248A31C52}.Release|Any CPU.Build.0 = Release|Any CPU
		{97C84B8A-6705-490C-890B-10AAC731A9FF}.Debug|Any CPU.ActiveCfg = Debug|Any CPU
		{97C84B8A-6705-490C-890B-10AAC731A9FF}.Debug|Any CPU.Build.0 = Debug|Any CPU
		{97C84B8A-6705-490C-890B-10AAC731A9FF}.Release|Any CPU.ActiveCfg = Release|Any CPU
		{97C84B8A-6705-490C-890B-10AAC731A9FF}.Release|Any CPU.Build.0 = Release|Any CPU
		{A61073B5-ED27-40E1-9A6C-5DEC830CE333}.Debug|Any CPU.ActiveCfg = Debug|Any CPU
		{A61073B5-ED27-40E1-9A6C-5DEC830CE333}.Debug|Any CPU.Build.0 = Debug|Any CPU
		{A61073B5-ED27-40E1-9A6C-5DEC830CE333}.Release|Any CPU.ActiveCfg = Release|Any CPU
		{A61073B5-ED27-40E1-9A6C-5DEC830CE333}.Release|Any CPU.Build.0 = Release|Any CPU
	EndGlobalSection
EndGlobal
